appliedgo.net/what v0.1.5 h1:MvrgAPj5FrMFyIyoPvMEfRFT+Zn3BqNBVNM25LHabQo=
appliedgo.net/what v0.1.5/go.mod h1:MsswL0IpezZ2drSUXtFHMOjIrBWZIZPUKRvZJjPfgbE=
github.com/davecgh/go-spew v1.1.1 h1:vj9j/u1bqnvCEfJOwUhtlOARqs3+rkHYY13jYWTU97c=
github.com/davecgh/go-spew v1.1.1/go.mod h1:J7Y8YcW2NihsgmVo/mv3lAwl/skON4iLHjSsI+c5H38=
